
Microsoft Visual Studio Solution File, Format Version 12.00
# Visual Studio 2013
VisualStudioVersion = 12.0.31101.0
MinimumVisualStudioVersion = 10.0.40219.1
Project("{FAE04EC0-301F-11D3-BF4B-00C04F79EFBC}") = "RocketLoader", "RocketLoader\RocketLoader.csproj", "{67CD3888-82BF-4D69-AE86-A9026018765C}"
EndProject
Project("{FAE04EC0-301F-11D3-BF4B-00C04F79EFBC}") = "ExamplePlugin", "..\ExamplePlugin\ExamplePlugin.csproj", "{602882B6-F16C-4247-9F5D-21846BC4C09A}"
	ProjectSection(ProjectDependencies) = postProject
		{67CD3888-82BF-4D69-AE86-A9026018765C} = {67CD3888-82BF-4D69-AE86-A9026018765C}
	EndProjectSection
EndProject
Project("{FAE04EC0-301F-11D3-BF4B-00C04F79EFBC}") = "RocketAPI", "RocketAPI\RocketAPI.csproj", "{C362DF2F-1336-4932-AADC-4F2074FEDB64}"
EndProject
Global
	GlobalSection(SolutionConfigurationPlatforms) = preSolution
		Debug|Any CPU = Debug|Any CPU
		Debug|x64 = Debug|x64
		Debug|x86 = Debug|x86
		Lokal|Any CPU = Lokal|Any CPU
		Lokal|x64 = Lokal|x64
		Lokal|x86 = Lokal|x86
		Release|Any CPU = Release|Any CPU
		Release|x64 = Release|x64
		Release|x86 = Release|x86
	EndGlobalSection
	GlobalSection(ProjectConfigurationPlatforms) = postSolution
		{67CD3888-82BF-4D69-AE86-A9026018765C}.Debug|Any CPU.ActiveCfg = Debug|Any CPU
		{67CD3888-82BF-4D69-AE86-A9026018765C}.Debug|Any CPU.Build.0 = Debug|Any CPU
		{67CD3888-82BF-4D69-AE86-A9026018765C}.Debug|x64.ActiveCfg = Debug|x64
		{67CD3888-82BF-4D69-AE86-A9026018765C}.Debug|x64.Build.0 = Debug|x64
		{67CD3888-82BF-4D69-AE86-A9026018765C}.Debug|x86.ActiveCfg = Debug|x86
		{67CD3888-82BF-4D69-AE86-A9026018765C}.Debug|x86.Build.0 = Debug|x86
		{67CD3888-82BF-4D69-AE86-A9026018765C}.Lokal|Any CPU.ActiveCfg = Release|Any CPU
		{67CD3888-82BF-4D69-AE86-A9026018765C}.Lokal|Any CPU.Build.0 = Release|Any CPU
		{67CD3888-82BF-4D69-AE86-A9026018765C}.Lokal|x64.ActiveCfg = Release|x64
		{67CD3888-82BF-4D69-AE86-A9026018765C}.Lokal|x64.Build.0 = Release|x64
		{67CD3888-82BF-4D69-AE86-A9026018765C}.Lokal|x86.ActiveCfg = Release|x86
		{67CD3888-82BF-4D69-AE86-A9026018765C}.Lokal|x86.Build.0 = Release|x86
		{67CD3888-82BF-4D69-AE86-A9026018765C}.Release|Any CPU.ActiveCfg = Release|Any CPU
		{67CD3888-82BF-4D69-AE86-A9026018765C}.Release|Any CPU.Build.0 = Release|Any CPU
		{67CD3888-82BF-4D69-AE86-A9026018765C}.Release|x64.ActiveCfg = Release|x64
		{67CD3888-82BF-4D69-AE86-A9026018765C}.Release|x64.Build.0 = Release|x64
		{67CD3888-82BF-4D69-AE86-A9026018765C}.Release|x86.ActiveCfg = Release|x86
		{67CD3888-82BF-4D69-AE86-A9026018765C}.Release|x86.Build.0 = Release|x86
		{602882B6-F16C-4247-9F5D-21846BC4C09A}.Debug|Any CPU.ActiveCfg = Debug|Any CPU
		{602882B6-F16C-4247-9F5D-21846BC4C09A}.Debug|Any CPU.Build.0 = Debug|Any CPU
		{602882B6-F16C-4247-9F5D-21846BC4C09A}.Debug|x64.ActiveCfg = Debug|Any CPU
		{602882B6-F16C-4247-9F5D-21846BC4C09A}.Debug|x86.ActiveCfg = Debug|Any CPU
		{602882B6-F16C-4247-9F5D-21846BC4C09A}.Lokal|Any CPU.ActiveCfg = Lokal|Any CPU
		{602882B6-F16C-4247-9F5D-21846BC4C09A}.Lokal|Any CPU.Build.0 = Lokal|Any CPU
		{602882B6-F16C-4247-9F5D-21846BC4C09A}.Lokal|x64.ActiveCfg = Lokal|Any CPU
		{602882B6-F16C-4247-9F5D-21846BC4C09A}.Lokal|x86.ActiveCfg = Lokal|Any CPU
		{602882B6-F16C-4247-9F5D-21846BC4C09A}.Release|Any CPU.ActiveCfg = Release|Any CPU
		{602882B6-F16C-4247-9F5D-21846BC4C09A}.Release|Any CPU.Build.0 = Release|Any CPU
		{602882B6-F16C-4247-9F5D-21846BC4C09A}.Release|x64.ActiveCfg = Release|Any CPU
		{602882B6-F16C-4247-9F5D-21846BC4C09A}.Release|x86.ActiveCfg = Release|Any CPU
		{C362DF2F-1336-4932-AADC-4F2074FEDB64}.Debug|Any CPU.ActiveCfg = Debug|Any CPU
		{C362DF2F-1336-4932-AADC-4F2074FEDB64}.Debug|Any CPU.Build.0 = Debug|Any CPU
		{C362DF2F-1336-4932-AADC-4F2074FEDB64}.Debug|x64.ActiveCfg = Debug|x64
		{C362DF2F-1336-4932-AADC-4F2074FEDB64}.Debug|x64.Build.0 = Debug|x64
		{C362DF2F-1336-4932-AADC-4F2074FEDB64}.Debug|x86.ActiveCfg = Debug|x86
		{C362DF2F-1336-4932-AADC-4F2074FEDB64}.Debug|x86.Build.0 = Debug|x86
		{C362DF2F-1336-4932-AADC-4F2074FEDB64}.Lokal|Any CPU.ActiveCfg = Release|Any CPU
		{C362DF2F-1336-4932-AADC-4F2074FEDB64}.Lokal|Any CPU.Build.0 = Release|Any CPU
		{C362DF2F-1336-4932-AADC-4F2074FEDB64}.Lokal|x64.ActiveCfg = Release|x64
		{C362DF2F-1336-4932-AADC-4F2074FEDB64}.Lokal|x64.Build.0 = Release|x64
		{C362DF2F-1336-4932-AADC-4F2074FEDB64}.Lokal|x86.ActiveCfg = Release|x86
		{C362DF2F-1336-4932-AADC-4F2074FEDB64}.Lokal|x86.Build.0 = Release|x86
		{C362DF2F-1336-4932-AADC-4F2074FEDB64}.Release|Any CPU.ActiveCfg = Release|Any CPU
		{C362DF2F-1336-4932-AADC-4F2074FEDB64}.Release|Any CPU.Build.0 = Release|Any CPU
		{C362DF2F-1336-4932-AADC-4F2074FEDB64}.Release|x64.ActiveCfg = Release|x64
		{C362DF2F-1336-4932-AADC-4F2074FEDB64}.Release|x64.Build.0 = Release|x64
		{C362DF2F-1336-4932-AADC-4F2074FEDB64}.Release|x86.ActiveCfg = Release|x86
		{C362DF2F-1336-4932-AADC-4F2074FEDB64}.Release|x86.Build.0 = Release|x86
	EndGlobalSection
	GlobalSection(SolutionProperties) = preSolution
		HideSolutionNode = FALSE
	EndGlobalSection
EndGlobal
